
Microsoft Visual Studio Solution File, Format Version 12.00
# Visual Studio 15
Project("{FAE04EC0-301F-11D3-BF4B-00C04F79EFBC}") = "Assembly-CSharp", "Assembly-CSharp.csproj", "{9B9DC8F7-6F15-951A-50C9-806266A5CF6D}"
EndProject
Project("{FAE04EC0-301F-11D3-BF4B-00C04F79EFBC}") = "Assembly-CSharp-Editor", "Assembly-CSharp-Editor.csproj", "{F9366CE3-8C96-D14C-EE9D-7923C3F499BE}"
EndProject
Global
	GlobalSection(SolutionConfigurationPlatforms) = preSolution
		Debug|Any CPU = Debug|Any CPU
		Release|Any CPU = Release|Any CPU
	EndGlobalSection
	GlobalSection(ProjectConfigurationPlatforms) = postSolution
		{9B9DC8F7-6F15-951A-50C9-806266A5CF6D}.Debug|Any CPU.ActiveCfg = Debug|Any CPU
		{9B9DC8F7-6F15-951A-50C9-806266A5CF6D}.Debug|Any CPU.Build.0 = Debug|Any CPU
		{9B9DC8F7-6F15-951A-50C9-806266A5CF6D}.Release|Any CPU.ActiveCfg = Release|Any CPU
		{9B9DC8F7-6F15-951A-50C9-806266A5CF6D}.Release|Any CPU.Build.0 = Release|Any CPU
		{F9366CE3-8C96-D14C-EE9D-7923C3F499BE}.Debug|Any CPU.ActiveCfg = Debug|Any CPU
		{F9366CE3-8C96-D14C-EE9D-7923C3F499BE}.Debug|Any CPU.Build.0 = Debug|Any CPU
		{F9366CE3-8C96-D14C-EE9D-7923C3F499BE}.Release|Any CPU.ActiveCfg = Release|Any CPU
		{F9366CE3-8C96-D14C-EE9D-7923C3F499BE}.Release|Any CPU.Build.0 = Release|Any CPU
	EndGlobalSection
	GlobalSection(SolutionProperties) = preSolution
		HideSolutionNode = FALSE
	EndGlobalSection
EndGlobal
